
Microsoft Visual Studio Solution File, Format Version 12.00
# Visual Studio 15
VisualStudioVersion = 15.0.28010.2050
MinimumVisualStudioVersion = 10.0.40219.1
Project("{FAE04EC0-301F-11D3-BF4B-00C04F79EFBC}") = "OOP.Extension Methods.Task8", "OOP.Extension Methods.Task8\OOP.Extension Methods.Task8.csproj", "{AE02DF49-A2EB-4B0C-B382-78EA906EECB6}"
EndProject
Global
	GlobalSection(SolutionConfigurationPlatforms) = preSolution
		Debug|Any CPU = Debug|Any CPU
		Release|Any CPU = Release|Any CPU
	EndGlobalSection
	GlobalSection(ProjectConfigurationPlatforms) = postSolution
		{AE02DF49-A2EB-4B0C-B382-78EA906EECB6}.Debug|Any CPU.ActiveCfg = Debug|Any CPU
		{AE02DF49-A2EB-4B0C-B382-78EA906EECB6}.Debug|Any CPU.Build.0 = Debug|Any CPU
		{AE02DF49-A2EB-4B0C-B382-78EA906EECB6}.Release|Any CPU.ActiveCfg = Release|Any CPU
		{AE02DF49-A2EB-4B0C-B382-78EA906EECB6}.Release|Any CPU.Build.0 = Release|Any CPU
	EndGlobalSection
	GlobalSection(SolutionProperties) = preSolution
		HideSolutionNode = FALSE
	EndGlobalSection
	GlobalSection(ExtensibilityGlobals) = postSolution
		SolutionGuid = {1B68135C-92FE-4EC1-A0C5-17ED23791A05}
	EndGlobalSection
EndGlobal
