
Microsoft Visual Studio Solution File, Format Version 12.00
# Visual Studio 15
VisualStudioVersion = 15.0.28010.2050
MinimumVisualStudioVersion = 10.0.40219.1
Project("{FAE04EC0-301F-11D3-BF4B-00C04F79EFBC}") = "CalculateEventHandler", "CalculateEventHandler\CalculateEventHandler.csproj", "{92E9CF55-4F41-41B3-84BC-F1C7C81820C9}"
EndProject
Global
	GlobalSection(SolutionConfigurationPlatforms) = preSolution
		Debug|Any CPU = Debug|Any CPU
		Release|Any CPU = Release|Any CPU
	EndGlobalSection
	GlobalSection(ProjectConfigurationPlatforms) = postSolution
		{92E9CF55-4F41-41B3-84BC-F1C7C81820C9}.Debug|Any CPU.ActiveCfg = Debug|Any CPU
		{92E9CF55-4F41-41B3-84BC-F1C7C81820C9}.Debug|Any CPU.Build.0 = Debug|Any CPU
		{92E9CF55-4F41-41B3-84BC-F1C7C81820C9}.Release|Any CPU.ActiveCfg = Release|Any CPU
		{92E9CF55-4F41-41B3-84BC-F1C7C81820C9}.Release|Any CPU.Build.0 = Release|Any CPU
	EndGlobalSection
	GlobalSection(SolutionProperties) = preSolution
		HideSolutionNode = FALSE
	EndGlobalSection
	GlobalSection(ExtensibilityGlobals) = postSolution
		SolutionGuid = {E4151908-0655-4236-83A5-63507080EDC0}
	EndGlobalSection
EndGlobal
