
Microsoft Visual Studio Solution File, Format Version 12.00
# Visual Studio 15
VisualStudioVersion = 15.0.28010.2050
MinimumVisualStudioVersion = 10.0.40219.1
Project("{FAE04EC0-301F-11D3-BF4B-00C04F79EFBC}") = "NestedTypesApp", "NestedTypesApp\NestedTypesApp.csproj", "{8BCD44BB-081A-4A12-846E-9C68D2FF6BD4}"
EndProject
Global
	GlobalSection(SolutionConfigurationPlatforms) = preSolution
		Debug|Any CPU = Debug|Any CPU
		Release|Any CPU = Release|Any CPU
	EndGlobalSection
	GlobalSection(ProjectConfigurationPlatforms) = postSolution
		{8BCD44BB-081A-4A12-846E-9C68D2FF6BD4}.Debug|Any CPU.ActiveCfg = Debug|Any CPU
		{8BCD44BB-081A-4A12-846E-9C68D2FF6BD4}.Debug|Any CPU.Build.0 = Debug|Any CPU
		{8BCD44BB-081A-4A12-846E-9C68D2FF6BD4}.Release|Any CPU.ActiveCfg = Release|Any CPU
		{8BCD44BB-081A-4A12-846E-9C68D2FF6BD4}.Release|Any CPU.Build.0 = Release|Any CPU
	EndGlobalSection
	GlobalSection(SolutionProperties) = preSolution
		HideSolutionNode = FALSE
	EndGlobalSection
	GlobalSection(ExtensibilityGlobals) = postSolution
		SolutionGuid = {5B921C92-8E65-451D-AE56-015BF14CE780}
	EndGlobalSection
EndGlobal
