
Microsoft Visual Studio Solution File, Format Version 12.00
# Visual Studio 15
VisualStudioVersion = 15.0.28010.2050
MinimumVisualStudioVersion = 10.0.40219.1
Project("{FAE04EC0-301F-11D3-BF4B-00C04F79EFBC}") = "EntityAction", "InterfaceApp\EntityAction.csproj", "{104F9A9C-CE80-4248-BCD3-B51C1EF650A6}"
EndProject
Global
	GlobalSection(SolutionConfigurationPlatforms) = preSolution
		Debug|Any CPU = Debug|Any CPU
		Release|Any CPU = Release|Any CPU
	EndGlobalSection
	GlobalSection(ProjectConfigurationPlatforms) = postSolution
		{104F9A9C-CE80-4248-BCD3-B51C1EF650A6}.Debug|Any CPU.ActiveCfg = Debug|Any CPU
		{104F9A9C-CE80-4248-BCD3-B51C1EF650A6}.Debug|Any CPU.Build.0 = Debug|Any CPU
		{104F9A9C-CE80-4248-BCD3-B51C1EF650A6}.Release|Any CPU.ActiveCfg = Release|Any CPU
		{104F9A9C-CE80-4248-BCD3-B51C1EF650A6}.Release|Any CPU.Build.0 = Release|Any CPU
	EndGlobalSection
	GlobalSection(SolutionProperties) = preSolution
		HideSolutionNode = FALSE
	EndGlobalSection
	GlobalSection(ExtensibilityGlobals) = postSolution
		SolutionGuid = {B5718019-AC32-4649-B970-12C2736F8E63}
	EndGlobalSection
EndGlobal
