
Microsoft Visual Studio Solution File, Format Version 12.00
# Visual Studio 15
VisualStudioVersion = 15.0.28010.2050
MinimumVisualStudioVersion = 10.0.40219.1
Project("{FAE04EC0-301F-11D3-BF4B-00C04F79EFBC}") = "TrainStation(struct)", "TrainStation(struct)\TrainStation(struct).csproj", "{C0260C16-6066-435E-B3EC-65260729FB4F}"
EndProject
Global
	GlobalSection(SolutionConfigurationPlatforms) = preSolution
		Debug|Any CPU = Debug|Any CPU
		Release|Any CPU = Release|Any CPU
	EndGlobalSection
	GlobalSection(ProjectConfigurationPlatforms) = postSolution
		{C0260C16-6066-435E-B3EC-65260729FB4F}.Debug|Any CPU.ActiveCfg = Debug|Any CPU
		{C0260C16-6066-435E-B3EC-65260729FB4F}.Debug|Any CPU.Build.0 = Debug|Any CPU
		{C0260C16-6066-435E-B3EC-65260729FB4F}.Release|Any CPU.ActiveCfg = Release|Any CPU
		{C0260C16-6066-435E-B3EC-65260729FB4F}.Release|Any CPU.Build.0 = Release|Any CPU
	EndGlobalSection
	GlobalSection(SolutionProperties) = preSolution
		HideSolutionNode = FALSE
	EndGlobalSection
	GlobalSection(ExtensibilityGlobals) = postSolution
		SolutionGuid = {C55BD5B8-9FAF-49D3-A52E-F2992F4882ED}
	EndGlobalSection
EndGlobal
