
Microsoft Visual Studio Solution File, Format Version 12.00
# Visual Studio 15
VisualStudioVersion = 15.0.28010.2050
MinimumVisualStudioVersion = 10.0.40219.1
Project("{FAE04EC0-301F-11D3-BF4B-00C04F79EFBC}") = "MyPlayerApp", "IPlayerApp\MyPlayerApp.csproj", "{995D4479-D33B-41BF-B6A5-0C3D3C796963}"
EndProject
Global
	GlobalSection(SolutionConfigurationPlatforms) = preSolution
		Debug|Any CPU = Debug|Any CPU
		Release|Any CPU = Release|Any CPU
	EndGlobalSection
	GlobalSection(ProjectConfigurationPlatforms) = postSolution
		{995D4479-D33B-41BF-B6A5-0C3D3C796963}.Debug|Any CPU.ActiveCfg = Debug|Any CPU
		{995D4479-D33B-41BF-B6A5-0C3D3C796963}.Debug|Any CPU.Build.0 = Debug|Any CPU
		{995D4479-D33B-41BF-B6A5-0C3D3C796963}.Release|Any CPU.ActiveCfg = Release|Any CPU
		{995D4479-D33B-41BF-B6A5-0C3D3C796963}.Release|Any CPU.Build.0 = Release|Any CPU
	EndGlobalSection
	GlobalSection(SolutionProperties) = preSolution
		HideSolutionNode = FALSE
	EndGlobalSection
	GlobalSection(ExtensibilityGlobals) = postSolution
		SolutionGuid = {36C16647-DFCD-4FEF-8A24-1245E4CB1C97}
	EndGlobalSection
EndGlobal
