
Microsoft Visual Studio Solution File, Format Version 12.00
# Visual Studio 15
VisualStudioVersion = 15.0.28010.2050
MinimumVisualStudioVersion = 10.0.40219.1
Project("{FAE04EC0-301F-11D3-BF4B-00C04F79EFBC}") = "OOP.LINQToObjects.BoxHeavyweight", "OOP.LINQToObjects.BoxHeavyweight\OOP.LINQToObjects.BoxHeavyweight.csproj", "{24AB3DD8-13FA-48B6-ADFC-92E1258149AA}"
EndProject
Global
	GlobalSection(SolutionConfigurationPlatforms) = preSolution
		Debug|Any CPU = Debug|Any CPU
		Release|Any CPU = Release|Any CPU
	EndGlobalSection
	GlobalSection(ProjectConfigurationPlatforms) = postSolution
		{24AB3DD8-13FA-48B6-ADFC-92E1258149AA}.Debug|Any CPU.ActiveCfg = Debug|Any CPU
		{24AB3DD8-13FA-48B6-ADFC-92E1258149AA}.Debug|Any CPU.Build.0 = Debug|Any CPU
		{24AB3DD8-13FA-48B6-ADFC-92E1258149AA}.Release|Any CPU.ActiveCfg = Release|Any CPU
		{24AB3DD8-13FA-48B6-ADFC-92E1258149AA}.Release|Any CPU.Build.0 = Release|Any CPU
	EndGlobalSection
	GlobalSection(SolutionProperties) = preSolution
		HideSolutionNode = FALSE
	EndGlobalSection
	GlobalSection(ExtensibilityGlobals) = postSolution
		SolutionGuid = {51F6E7D1-A0E3-406C-BC4F-8653F0CCE0A5}
	EndGlobalSection
EndGlobal
