
Microsoft Visual Studio Solution File, Format Version 12.00
# Visual Studio 15
VisualStudioVersion = 15.0.28010.2050
MinimumVisualStudioVersion = 10.0.40219.1
Project("{FAE04EC0-301F-11D3-BF4B-00C04F79EFBC}") = "MyFactoryApp", "MyFactoryApp\MyFactoryApp.csproj", "{E283CBC3-036A-4ECA-ABA3-8FB0FF7F73F4}"
EndProject
Global
	GlobalSection(SolutionConfigurationPlatforms) = preSolution
		Debug|Any CPU = Debug|Any CPU
		Release|Any CPU = Release|Any CPU
	EndGlobalSection
	GlobalSection(ProjectConfigurationPlatforms) = postSolution
		{E283CBC3-036A-4ECA-ABA3-8FB0FF7F73F4}.Debug|Any CPU.ActiveCfg = Debug|Any CPU
		{E283CBC3-036A-4ECA-ABA3-8FB0FF7F73F4}.Debug|Any CPU.Build.0 = Debug|Any CPU
		{E283CBC3-036A-4ECA-ABA3-8FB0FF7F73F4}.Release|Any CPU.ActiveCfg = Release|Any CPU
		{E283CBC3-036A-4ECA-ABA3-8FB0FF7F73F4}.Release|Any CPU.Build.0 = Release|Any CPU
	EndGlobalSection
	GlobalSection(SolutionProperties) = preSolution
		HideSolutionNode = FALSE
	EndGlobalSection
	GlobalSection(ExtensibilityGlobals) = postSolution
		SolutionGuid = {69436B74-EE1B-4834-ADD3-1BC791697C03}
	EndGlobalSection
EndGlobal
